
Microsoft Visual Studio Solution File, Format Version 12.00
# Visual Studio 15
VisualStudioVersion = 15.0.27004.2009
MinimumVisualStudioVersion = 10.0.40219.1
Project("{FAE04EC0-301F-11D3-BF4B-00C04F79EFBC}") = "FBL", "FBL\FBL.csproj", "{B7441CF9-1018-4E1F-A363-4417F488E7A2}"
EndProject
Global
	GlobalSection(SolutionConfigurationPlatforms) = preSolution
		Debug|Any CPU = Debug|Any CPU
		Release|Any CPU = Release|Any CPU
	EndGlobalSection
	GlobalSection(ProjectConfigurationPlatforms) = postSolution
		{B7441CF9-1018-4E1F-A363-4417F488E7A2}.Debug|Any CPU.ActiveCfg = Debug|Any CPU
		{B7441CF9-1018-4E1F-A363-4417F488E7A2}.Debug|Any CPU.Build.0 = Debug|Any CPU
		{B7441CF9-1018-4E1F-A363-4417F488E7A2}.Release|Any CPU.ActiveCfg = Release|Any CPU
		{B7441CF9-1018-4E1F-A363-4417F488E7A2}.Release|Any CPU.Build.0 = Release|Any CPU
	EndGlobalSection
	GlobalSection(SolutionProperties) = preSolution
		HideSolutionNode = FALSE
	EndGlobalSection
	GlobalSection(ExtensibilityGlobals) = postSolution
		SolutionGuid = {4FD9C5A2-E145-4F35-8FD2-D8F3D8192B0A}
	EndGlobalSection
EndGlobal
